
Microsoft Visual Studio Solution File, Format Version 12.00
# Visual Studio Version 16
VisualStudioVersion = 16.0.32510.428
MinimumVisualStudioVersion = 10.0.40219.1
Project("{FAE04EC0-301F-11D3-BF4B-00C04F79EFBC}") = "OpenPureRef", "OpenPureRef\OpenPureRef.csproj", "{175E04A4-F286-4462-AF44-02E94D232122}"
EndProject
Project("{54435603-DBB4-11D2-8724-00A0C9A8B90C}") = "OpenPureRefSetup", "OpenPureRefSetup\OpenPureRefSetup.vdproj", "{77DBA9B4-DAB3-4367-9EE4-56F1C02006C7}"
EndProject
Global
	GlobalSection(SolutionConfigurationPlatforms) = preSolution
		Debug|Any CPU = Debug|Any CPU
		Release|Any CPU = Release|Any CPU
	EndGlobalSection
	GlobalSection(ProjectConfigurationPlatforms) = postSolution
		{175E04A4-F286-4462-AF44-02E94D232122}.Debug|Any CPU.ActiveCfg = Debug|Any CPU
		{175E04A4-F286-4462-AF44-02E94D232122}.Debug|Any CPU.Build.0 = Debug|Any CPU
		{175E04A4-F286-4462-AF44-02E94D232122}.Release|Any CPU.ActiveCfg = Release|Any CPU
		{175E04A4-F286-4462-AF44-02E94D232122}.Release|Any CPU.Build.0 = Release|Any CPU
		{77DBA9B4-DAB3-4367-9EE4-56F1C02006C7}.Debug|Any CPU.ActiveCfg = Debug
		{77DBA9B4-DAB3-4367-9EE4-56F1C02006C7}.Debug|Any CPU.Build.0 = Debug
		{77DBA9B4-DAB3-4367-9EE4-56F1C02006C7}.Release|Any CPU.ActiveCfg = Release
		{77DBA9B4-DAB3-4367-9EE4-56F1C02006C7}.Release|Any CPU.Build.0 = Release
	EndGlobalSection
	GlobalSection(SolutionProperties) = preSolution
		HideSolutionNode = FALSE
	EndGlobalSection
	GlobalSection(ExtensibilityGlobals) = postSolution
		SolutionGuid = {D443CBFB-24F3-4206-B89B-4501E9ADE3FE}
	EndGlobalSection
EndGlobal
